
Microsoft Visual Studio Solution File, Format Version 12.00
# Visual Studio 15
VisualStudioVersion = 15.0.27130.2027
MinimumVisualStudioVersion = 10.0.40219.1
Project("{2150E333-8FDC-42A3-9474-1A3956D46DE8}") = "DataLayer", "DataLayer", "{813A9DA1-CADA-4787-B7C3-DB2D1CFBA0A2}"
EndProject
Project("{2150E333-8FDC-42A3-9474-1A3956D46DE8}") = "Common", "Common", "{D8907106-0EA1-4CFF-9470-99D59D7EB227}"
EndProject
Project("{2150E333-8FDC-42A3-9474-1A3956D46DE8}") = "Business", "Business", "{CD53C84C-126E-4D8C-A1D5-83D3553C88CB}"
EndProject
Project("{FAE04EC0-301F-11D3-BF4B-00C04F79EFBC}") = "bilisimHR.DataLayer.NHibernate", "bilisimHR.DataLayer.NHibernate\bilisimHR.DataLayer.NHibernate.csproj", "{03889EB1-28E0-4442-9E3F-8BB49E812B0F}"
EndProject
Project("{FAE04EC0-301F-11D3-BF4B-00C04F79EFBC}") = "bilisimHR.Business.Model", "bilisimHR.Business.Model\bilisimHR.Business.Model.csproj", "{A148050E-2E96-4753-AAA7-A4EE247E8E55}"
EndProject
Project("{2150E333-8FDC-42A3-9474-1A3956D46DE8}") = "Services", "Services", "{105B4BDF-2541-4325-A037-00087D9CA8C8}"
EndProject
Project("{2150E333-8FDC-42A3-9474-1A3956D46DE8}") = "API", "API", "{257EF828-F9DA-46E2-A383-9F394B0BF0ED}"
EndProject
Project("{2150E333-8FDC-42A3-9474-1A3956D46DE8}") = "Presentation", "Presentation", "{577BF355-BBC2-4A02-B5CC-EC82A8E35CAA}"
EndProject
Project("{FAE04EC0-301F-11D3-BF4B-00C04F79EFBC}") = "bilisimHR.API.Authentication", "bilisimHR.API.Authentication\bilisimHR.API.Authentication.csproj", "{4E465FD5-B4CD-4E03-A069-1F5E8F14E9AF}"
EndProject
Project("{FAE04EC0-301F-11D3-BF4B-00C04F79EFBC}") = "bilisimHR.Common.Core", "bilisimHR.Common.Core\bilisimHR.Common.Core.csproj", "{243A330A-AEEC-4075-8796-2E0E86C86C92}"
EndProject
Project("{FAE04EC0-301F-11D3-BF4B-00C04F79EFBC}") = "bilisimHR.DataLayer.Core", "bilisimHR.DataLayer.Core\bilisimHR.DataLayer.Core.csproj", "{CCE38DFC-AEEA-494B-A51B-9E5A705E5FD7}"
EndProject
Project("{FAE04EC0-301F-11D3-BF4B-00C04F79EFBC}") = "bilisimHR.Common.Helper", "bilisimHR.Common.Helper\bilisimHR.Common.Helper.csproj", "{50C55C40-DFB8-4448-9476-7126DF8A3265}"
EndProject
Project("{FAE04EC0-301F-11D3-BF4B-00C04F79EFBC}") = "bilisimHR.Services.Auth", "bilisimHR.Services.Auth\bilisimHR.Services.Auth.csproj", "{C940D84B-6D47-492B-B503-427D797D6C9E}"
EndProject
Project("{FAE04EC0-301F-11D3-BF4B-00C04F79EFBC}") = "bilisimHR", "bilisimHR\bilisimHR.csproj", "{5AD81775-4D0E-4BE0-92BE-17B10BD7D0F8}"
EndProject
Project("{FAE04EC0-301F-11D3-BF4B-00C04F79EFBC}") = "bilisimHR.Services.Parameters", "bilisimHR.Services.Parameters\bilisimHR.Services.Parameters.csproj", "{6832E2CE-53D1-497D-A3DD-17D4154EC055}"
EndProject
Project("{FAE04EC0-301F-11D3-BF4B-00C04F79EFBC}") = "bilisimHR.API.Parameters", "bilisimHR.API.Parameters\bilisimHR.API.Parameters.csproj", "{E66E3291-691A-43BB-AB32-46DE12CCDC41}"
EndProject
Project("{2150E333-8FDC-42A3-9474-1A3956D46DE8}") = "Infrastructure", "Infrastructure", "{4ABD02EF-0F24-40FE-9DBB-0764F6CFB12F}"
EndProject
Project("{2150E333-8FDC-42A3-9474-1A3956D46DE8}") = "Dependency", "Dependency", "{A3440EAD-D21F-4AD8-9D35-878D1B48DC6A}"
EndProject
Project("{FAE04EC0-301F-11D3-BF4B-00C04F79EFBC}") = "bilisimHR.Infrastructure.Dependency", "bilisimHR.Infrastructure.Dependency\bilisimHR.Infrastructure.Dependency.csproj", "{768DE544-C502-46C7-899F-35F781ADD1C4}"
EndProject
Project("{2150E333-8FDC-42A3-9474-1A3956D46DE8}") = "Logger", "Logger", "{E4F363B2-6C08-4E42-8592-346788FE1EBE}"
EndProject
Project("{FAE04EC0-301F-11D3-BF4B-00C04F79EFBC}") = "bilisimHR.Infrastructure.Logger.Log4Net", "bilisimHR.Infrastructure.Logger.Log4Net\bilisimHR.Infrastructure.Logger.Log4Net.csproj", "{06175FF0-A3A6-4D23-9F21-1AF7A524FC8F}"
EndProject
Project("{FAE04EC0-301F-11D3-BF4B-00C04F79EFBC}") = "bilisimHR.Infrastructure.Logger.NLog", "bilisimHR.Infrastructure.Logger.NLog\bilisimHR.Infrastructure.Logger.NLog.csproj", "{D378B274-955B-4D17-BB0D-32232CBB2074}"
EndProject
Project("{2150E333-8FDC-42A3-9474-1A3956D46DE8}") = "Test", "Test", "{CB088407-07C4-44D6-BD80-285669FE2F76}"
EndProject
Project("{FAE04EC0-301F-11D3-BF4B-00C04F79EFBC}") = "bilisimHR.DataLayer.NHibernate.Tests", "bilisimHR.DataLayer.NHibernate.Tests\bilisimHR.DataLayer.NHibernate.Tests.csproj", "{6110C311-0149-4E45-B587-8A5DF793F5E3}"
EndProject
Project("{FAE04EC0-301F-11D3-BF4B-00C04F79EFBC}") = "bilisimHR.Generator", "bilisimHR.Generator\bilisimHR.Generator.csproj", "{D17B9AEB-C301-4251-B21B-F578994E7128}"
EndProject
Project("{FAE04EC0-301F-11D3-BF4B-00C04F79EFBC}") = "bilisimHR.API.Employees", "bilisimHR.API.Employees\bilisimHR.API.Employees.csproj", "{A55716C0-CDD3-4497-8E0E-2B76A6246F81}"
EndProject
Project("{FAE04EC0-301F-11D3-BF4B-00C04F79EFBC}") = "bilisimHR.Services.Employees", "bilisimHR.Services.Employees\bilisimHR.Services.Employees.csproj", "{5FB1CBE6-4839-4179-A0BC-C6F521D6C2F5}"
EndProject
Project("{2150E333-8FDC-42A3-9474-1A3956D46DE8}") = "Common", "Common", "{C303FB9E-A642-4EC3-B479-EA6F81A7814B}"
EndProject
Project("{FAE04EC0-301F-11D3-BF4B-00C04F79EFBC}") = "bilisimHR.API.Common", "bilisimHR.API.Common\bilisimHR.API.Common.csproj", "{45BC143B-4490-40EA-B0DE-EFA688831531}"
EndProject
Project("{2150E333-8FDC-42A3-9474-1A3956D46DE8}") = "Tests", "Tests", "{082FAEB1-23F3-4A2D-88E5-1E237543D3CD}"
EndProject
Project("{FAE04EC0-301F-11D3-BF4B-00C04F79EFBC}") = "bilisimHR.API.Authentication.Tests", "bilisimHR.API.Authentication.Tests\bilisimHR.API.Authentication.Tests.csproj", "{0A0E73C9-429B-40DC-8B20-069A255998BD}"
EndProject
Project("{FAE04EC0-301F-11D3-BF4B-00C04F79EFBC}") = "bilisimHR.Common.Helper.Tests", "bilisimHR.Common.Helper.Tests\bilisimHR.Common.Helper.Tests.csproj", "{45886863-7374-473A-9603-0AB12E8B90A9}"
EndProject
Project("{2150E333-8FDC-42A3-9474-1A3956D46DE8}") = "Tests", "Tests", "{2155583F-30EF-41FB-AD57-30FFB69E2ABF}"
EndProject
Project("{FAE04EC0-301F-11D3-BF4B-00C04F79EFBC}") = "bilisimHR.Services.Auth.Tests", "bilisimHR.Services.Auth.Tests\bilisimHR.Services.Auth.Tests.csproj", "{DDC83CA1-45E1-4751-9EF0-9C23132B0D70}"
EndProject
Global
	GlobalSection(SolutionConfigurationPlatforms) = preSolution
		Debug|x64 = Debug|x64
		Release|x64 = Release|x64
	EndGlobalSection
	GlobalSection(ProjectConfigurationPlatforms) = postSolution
		{03889EB1-28E0-4442-9E3F-8BB49E812B0F}.Debug|x64.ActiveCfg = Debug|x64
		{03889EB1-28E0-4442-9E3F-8BB49E812B0F}.Debug|x64.Build.0 = Debug|x64
		{03889EB1-28E0-4442-9E3F-8BB49E812B0F}.Release|x64.ActiveCfg = Release|x64
		{03889EB1-28E0-4442-9E3F-8BB49E812B0F}.Release|x64.Build.0 = Release|x64
		{A148050E-2E96-4753-AAA7-A4EE247E8E55}.Debug|x64.ActiveCfg = Debug|x64
		{A148050E-2E96-4753-AAA7-A4EE247E8E55}.Debug|x64.Build.0 = Debug|x64
		{A148050E-2E96-4753-AAA7-A4EE247E8E55}.Release|x64.ActiveCfg = Release|x64
		{A148050E-2E96-4753-AAA7-A4EE247E8E55}.Release|x64.Build.0 = Release|x64
		{4E465FD5-B4CD-4E03-A069-1F5E8F14E9AF}.Debug|x64.ActiveCfg = Debug|x64
		{4E465FD5-B4CD-4E03-A069-1F5E8F14E9AF}.Debug|x64.Build.0 = Debug|x64
		{4E465FD5-B4CD-4E03-A069-1F5E8F14E9AF}.Release|x64.ActiveCfg = Release|x64
		{4E465FD5-B4CD-4E03-A069-1F5E8F14E9AF}.Release|x64.Build.0 = Release|x64
		{243A330A-AEEC-4075-8796-2E0E86C86C92}.Debug|x64.ActiveCfg = Debug|x64
		{243A330A-AEEC-4075-8796-2E0E86C86C92}.Debug|x64.Build.0 = Debug|x64
		{243A330A-AEEC-4075-8796-2E0E86C86C92}.Release|x64.ActiveCfg = Release|x64
		{243A330A-AEEC-4075-8796-2E0E86C86C92}.Release|x64.Build.0 = Release|x64
		{CCE38DFC-AEEA-494B-A51B-9E5A705E5FD7}.Debug|x64.ActiveCfg = Debug|x64
		{CCE38DFC-AEEA-494B-A51B-9E5A705E5FD7}.Debug|x64.Build.0 = Debug|x64
		{CCE38DFC-AEEA-494B-A51B-9E5A705E5FD7}.Release|x64.ActiveCfg = Release|x64
		{CCE38DFC-AEEA-494B-A51B-9E5A705E5FD7}.Release|x64.Build.0 = Release|x64
		{50C55C40-DFB8-4448-9476-7126DF8A3265}.Debug|x64.ActiveCfg = Debug|x64
		{50C55C40-DFB8-4448-9476-7126DF8A3265}.Debug|x64.Build.0 = Debug|x64
		{50C55C40-DFB8-4448-9476-7126DF8A3265}.Release|x64.ActiveCfg = Release|x64
		{50C55C40-DFB8-4448-9476-7126DF8A3265}.Release|x64.Build.0 = Release|x64
		{C940D84B-6D47-492B-B503-427D797D6C9E}.Debug|x64.ActiveCfg = Debug|x64
		{C940D84B-6D47-492B-B503-427D797D6C9E}.Debug|x64.Build.0 = Debug|x64
		{C940D84B-6D47-492B-B503-427D797D6C9E}.Release|x64.ActiveCfg = Release|x64
		{C940D84B-6D47-492B-B503-427D797D6C9E}.Release|x64.Build.0 = Release|x64
		{5AD81775-4D0E-4BE0-92BE-17B10BD7D0F8}.Debug|x64.ActiveCfg = Debug|x64
		{5AD81775-4D0E-4BE0-92BE-17B10BD7D0F8}.Debug|x64.Build.0 = Debug|x64
		{5AD81775-4D0E-4BE0-92BE-17B10BD7D0F8}.Release|x64.ActiveCfg = Release|x64
		{5AD81775-4D0E-4BE0-92BE-17B10BD7D0F8}.Release|x64.Build.0 = Release|x64
		{6832E2CE-53D1-497D-A3DD-17D4154EC055}.Debug|x64.ActiveCfg = Debug|x64
		{6832E2CE-53D1-497D-A3DD-17D4154EC055}.Debug|x64.Build.0 = Debug|x64
		{6832E2CE-53D1-497D-A3DD-17D4154EC055}.Release|x64.ActiveCfg = Release|x64
		{6832E2CE-53D1-497D-A3DD-17D4154EC055}.Release|x64.Build.0 = Release|x64
		{E66E3291-691A-43BB-AB32-46DE12CCDC41}.Debug|x64.ActiveCfg = Debug|x64
		{E66E3291-691A-43BB-AB32-46DE12CCDC41}.Debug|x64.Build.0 = Debug|x64
		{E66E3291-691A-43BB-AB32-46DE12CCDC41}.Release|x64.ActiveCfg = Release|x64
		{E66E3291-691A-43BB-AB32-46DE12CCDC41}.Release|x64.Build.0 = Release|x64
		{768DE544-C502-46C7-899F-35F781ADD1C4}.Debug|x64.ActiveCfg = Debug|x64
		{768DE544-C502-46C7-899F-35F781ADD1C4}.Debug|x64.Build.0 = Debug|x64
		{768DE544-C502-46C7-899F-35F781ADD1C4}.Release|x64.ActiveCfg = Release|x64
		{768DE544-C502-46C7-899F-35F781ADD1C4}.Release|x64.Build.0 = Release|x64
		{06175FF0-A3A6-4D23-9F21-1AF7A524FC8F}.Debug|x64.ActiveCfg = Debug|x64
		{06175FF0-A3A6-4D23-9F21-1AF7A524FC8F}.Debug|x64.Build.0 = Debug|x64
		{06175FF0-A3A6-4D23-9F21-1AF7A524FC8F}.Release|x64.ActiveCfg = Release|x64
		{06175FF0-A3A6-4D23-9F21-1AF7A524FC8F}.Release|x64.Build.0 = Release|x64
		{D378B274-955B-4D17-BB0D-32232CBB2074}.Debug|x64.ActiveCfg = Debug|x64
		{D378B274-955B-4D17-BB0D-32232CBB2074}.Debug|x64.Build.0 = Debug|x64
		{D378B274-955B-4D17-BB0D-32232CBB2074}.Release|x64.ActiveCfg = Release|x64
		{D378B274-955B-4D17-BB0D-32232CBB2074}.Release|x64.Build.0 = Release|x64
		{6110C311-0149-4E45-B587-8A5DF793F5E3}.Debug|x64.ActiveCfg = Debug|x64
		{6110C311-0149-4E45-B587-8A5DF793F5E3}.Debug|x64.Build.0 = Debug|x64
		{6110C311-0149-4E45-B587-8A5DF793F5E3}.Release|x64.ActiveCfg = Release|x64
		{6110C311-0149-4E45-B587-8A5DF793F5E3}.Release|x64.Build.0 = Release|x64
		{D17B9AEB-C301-4251-B21B-F578994E7128}.Debug|x64.ActiveCfg = Debug|x64
		{D17B9AEB-C301-4251-B21B-F578994E7128}.Debug|x64.Build.0 = Debug|x64
		{D17B9AEB-C301-4251-B21B-F578994E7128}.Release|x64.ActiveCfg = Release|x64
		{D17B9AEB-C301-4251-B21B-F578994E7128}.Release|x64.Build.0 = Release|x64
		{A55716C0-CDD3-4497-8E0E-2B76A6246F81}.Debug|x64.ActiveCfg = Debug|x64
		{A55716C0-CDD3-4497-8E0E-2B76A6246F81}.Debug|x64.Build.0 = Debug|x64
		{A55716C0-CDD3-4497-8E0E-2B76A6246F81}.Release|x64.ActiveCfg = Release|x64
		{A55716C0-CDD3-4497-8E0E-2B76A6246F81}.Release|x64.Build.0 = Release|x64
		{5FB1CBE6-4839-4179-A0BC-C6F521D6C2F5}.Debug|x64.ActiveCfg = Debug|x64
		{5FB1CBE6-4839-4179-A0BC-C6F521D6C2F5}.Debug|x64.Build.0 = Debug|x64
		{5FB1CBE6-4839-4179-A0BC-C6F521D6C2F5}.Release|x64.ActiveCfg = Release|x64
		{5FB1CBE6-4839-4179-A0BC-C6F521D6C2F5}.Release|x64.Build.0 = Release|x64
		{45BC143B-4490-40EA-B0DE-EFA688831531}.Debug|x64.ActiveCfg = Debug|x64
		{45BC143B-4490-40EA-B0DE-EFA688831531}.Debug|x64.Build.0 = Debug|x64
		{45BC143B-4490-40EA-B0DE-EFA688831531}.Release|x64.ActiveCfg = Release|x64
		{45BC143B-4490-40EA-B0DE-EFA688831531}.Release|x64.Build.0 = Release|x64
		{0A0E73C9-429B-40DC-8B20-069A255998BD}.Debug|x64.ActiveCfg = Debug|x64
		{0A0E73C9-429B-40DC-8B20-069A255998BD}.Debug|x64.Build.0 = Debug|x64
		{0A0E73C9-429B-40DC-8B20-069A255998BD}.Release|x64.ActiveCfg = Release|x64
		{0A0E73C9-429B-40DC-8B20-069A255998BD}.Release|x64.Build.0 = Release|x64
		{45886863-7374-473A-9603-0AB12E8B90A9}.Debug|x64.ActiveCfg = Debug|x64
		{45886863-7374-473A-9603-0AB12E8B90A9}.Debug|x64.Build.0 = Debug|x64
		{45886863-7374-473A-9603-0AB12E8B90A9}.Release|x64.ActiveCfg = Release|x64
		{45886863-7374-473A-9603-0AB12E8B90A9}.Release|x64.Build.0 = Release|x64
		{DDC83CA1-45E1-4751-9EF0-9C23132B0D70}.Debug|x64.ActiveCfg = Debug|x64
		{DDC83CA1-45E1-4751-9EF0-9C23132B0D70}.Debug|x64.Build.0 = Debug|x64
		{DDC83CA1-45E1-4751-9EF0-9C23132B0D70}.Release|x64.ActiveCfg = Release|x64
		{DDC83CA1-45E1-4751-9EF0-9C23132B0D70}.Release|x64.Build.0 = Release|x64
	EndGlobalSection
	GlobalSection(SolutionProperties) = preSolution
		HideSolutionNode = FALSE
	EndGlobalSection
	GlobalSection(NestedProjects) = preSolution
		{03889EB1-28E0-4442-9E3F-8BB49E812B0F} = {813A9DA1-CADA-4787-B7C3-DB2D1CFBA0A2}
		{A148050E-2E96-4753-AAA7-A4EE247E8E55} = {CD53C84C-126E-4D8C-A1D5-83D3553C88CB}
		{4E465FD5-B4CD-4E03-A069-1F5E8F14E9AF} = {257EF828-F9DA-46E2-A383-9F394B0BF0ED}
		{243A330A-AEEC-4075-8796-2E0E86C86C92} = {D8907106-0EA1-4CFF-9470-99D59D7EB227}
		{CCE38DFC-AEEA-494B-A51B-9E5A705E5FD7} = {813A9DA1-CADA-4787-B7C3-DB2D1CFBA0A2}
		{50C55C40-DFB8-4448-9476-7126DF8A3265} = {D8907106-0EA1-4CFF-9470-99D59D7EB227}
		{C940D84B-6D47-492B-B503-427D797D6C9E} = {105B4BDF-2541-4325-A037-00087D9CA8C8}
		{5AD81775-4D0E-4BE0-92BE-17B10BD7D0F8} = {577BF355-BBC2-4A02-B5CC-EC82A8E35CAA}
		{6832E2CE-53D1-497D-A3DD-17D4154EC055} = {105B4BDF-2541-4325-A037-00087D9CA8C8}
		{E66E3291-691A-43BB-AB32-46DE12CCDC41} = {257EF828-F9DA-46E2-A383-9F394B0BF0ED}
		{A3440EAD-D21F-4AD8-9D35-878D1B48DC6A} = {4ABD02EF-0F24-40FE-9DBB-0764F6CFB12F}
		{768DE544-C502-46C7-899F-35F781ADD1C4} = {A3440EAD-D21F-4AD8-9D35-878D1B48DC6A}
		{E4F363B2-6C08-4E42-8592-346788FE1EBE} = {4ABD02EF-0F24-40FE-9DBB-0764F6CFB12F}
		{06175FF0-A3A6-4D23-9F21-1AF7A524FC8F} = {E4F363B2-6C08-4E42-8592-346788FE1EBE}
		{D378B274-955B-4D17-BB0D-32232CBB2074} = {E4F363B2-6C08-4E42-8592-346788FE1EBE}
		{CB088407-07C4-44D6-BD80-285669FE2F76} = {813A9DA1-CADA-4787-B7C3-DB2D1CFBA0A2}
		{6110C311-0149-4E45-B587-8A5DF793F5E3} = {CB088407-07C4-44D6-BD80-285669FE2F76}
		{D17B9AEB-C301-4251-B21B-F578994E7128} = {4ABD02EF-0F24-40FE-9DBB-0764F6CFB12F}
		{A55716C0-CDD3-4497-8E0E-2B76A6246F81} = {257EF828-F9DA-46E2-A383-9F394B0BF0ED}
		{5FB1CBE6-4839-4179-A0BC-C6F521D6C2F5} = {105B4BDF-2541-4325-A037-00087D9CA8C8}
		{C303FB9E-A642-4EC3-B479-EA6F81A7814B} = {257EF828-F9DA-46E2-A383-9F394B0BF0ED}
		{45BC143B-4490-40EA-B0DE-EFA688831531} = {C303FB9E-A642-4EC3-B479-EA6F81A7814B}
		{082FAEB1-23F3-4A2D-88E5-1E237543D3CD} = {257EF828-F9DA-46E2-A383-9F394B0BF0ED}
		{0A0E73C9-429B-40DC-8B20-069A255998BD} = {082FAEB1-23F3-4A2D-88E5-1E237543D3CD}
		{45886863-7374-473A-9603-0AB12E8B90A9} = {D8907106-0EA1-4CFF-9470-99D59D7EB227}
		{2155583F-30EF-41FB-AD57-30FFB69E2ABF} = {105B4BDF-2541-4325-A037-00087D9CA8C8}
		{DDC83CA1-45E1-4751-9EF0-9C23132B0D70} = {2155583F-30EF-41FB-AD57-30FFB69E2ABF}
	EndGlobalSection
	GlobalSection(ExtensibilityGlobals) = postSolution
		SolutionGuid = {288675DA-CE85-4DC2-9415-E476D7A2B215}
	EndGlobalSection
EndGlobal
